
Microsoft Visual Studio Solution File, Format Version 12.00
# Visual Studio Version 17
VisualStudioVersion = 17.3.32811.315
MinimumVisualStudioVersion = 10.0.40219.1
Project("{9A19103F-16F7-4668-BE54-9A1E7A4F7556}") = "CustomerDetailsService", "CustomerDetailsService.csproj", "{227AA56E-458F-4896-887A-206DF2A7E5BC}"
EndProject
Project("{FAE04EC0-301F-11D3-BF4B-00C04F79EFBC}") = "CustomerDetails.Test", "..\CustomerDetails.Test\CustomerDetails.Test.csproj", "{B203719B-EACE-4933-A8FA-092A510450A0}"
EndProject
Global
	GlobalSection(SolutionConfigurationPlatforms) = preSolution
		Debug|Any CPU = Debug|Any CPU
		Release|Any CPU = Release|Any CPU
	EndGlobalSection
	GlobalSection(ProjectConfigurationPlatforms) = postSolution
		{227AA56E-458F-4896-887A-206DF2A7E5BC}.Debug|Any CPU.ActiveCfg = Debug|Any CPU
		{227AA56E-458F-4896-887A-206DF2A7E5BC}.Debug|Any CPU.Build.0 = Debug|Any CPU
		{227AA56E-458F-4896-887A-206DF2A7E5BC}.Release|Any CPU.ActiveCfg = Release|Any CPU
		{227AA56E-458F-4896-887A-206DF2A7E5BC}.Release|Any CPU.Build.0 = Release|Any CPU
		{B203719B-EACE-4933-A8FA-092A510450A0}.Debug|Any CPU.ActiveCfg = Debug|Any CPU
		{B203719B-EACE-4933-A8FA-092A510450A0}.Debug|Any CPU.Build.0 = Debug|Any CPU
		{B203719B-EACE-4933-A8FA-092A510450A0}.Release|Any CPU.ActiveCfg = Release|Any CPU
		{B203719B-EACE-4933-A8FA-092A510450A0}.Release|Any CPU.Build.0 = Release|Any CPU
	EndGlobalSection
	GlobalSection(SolutionProperties) = preSolution
		HideSolutionNode = FALSE
	EndGlobalSection
	GlobalSection(ExtensibilityGlobals) = postSolution
		SolutionGuid = {EF7D71F3-187B-41F8-94DA-BB0EA9790D3B}
	EndGlobalSection
EndGlobal
